// !$*UTF8*$!
{
	archiveVersion = 1;
	classes = {
	};
	objectVersion = 50;
	objects = {

/* Begin PBXBuildFile section */
		C246D649253B320700E874F5 /* IntrisicTableView.swift in Sources */ = {isa = PBXBuildFile; fileRef = C246D648253B320700E874F5 /* IntrisicTableView.swift */; };
		C25853F02539DEE80015CA45 /* HomeModel.swift in Sources */ = {isa = PBXBuildFile; fileRef = C25853EF2539DEE80015CA45 /* HomeModel.swift */; };
		C25853F32539DF010015CA45 /* ArticleModel.swift in Sources */ = {isa = PBXBuildFile; fileRef = C25853F22539DF010015CA45 /* ArticleModel.swift */; };
		C25853F62539DF080015CA45 /* BannerModel.swift in Sources */ = {isa = PBXBuildFile; fileRef = C25853F52539DF080015CA45 /* BannerModel.swift */; };
		C25853FA2539E37D0015CA45 /* DataFetcherService.swift in Sources */ = {isa = PBXBuildFile; fileRef = C25853F92539E37D0015CA45 /* DataFetcherService.swift */; };
		C2AD68D52539D1B700187118 /* AppDelegate.swift in Sources */ = {isa = PBXBuildFile; fileRef = C2AD68D42539D1B700187118 /* AppDelegate.swift */; };
		C2AD68D72539D1B700187118 /* SceneDelegate.swift in Sources */ = {isa = PBXBuildFile; fileRef = C2AD68D62539D1B700187118 /* SceneDelegate.swift */; };
		C2AD68D92539D1B700187118 /* HomeViewController.swift in Sources */ = {isa = PBXBuildFile; fileRef = C2AD68D82539D1B700187118 /* HomeViewController.swift */; };
		C2AD68DF2539D1B700187118 /* OnlimTestTaskDifficultB.xcdatamodeld in Sources */ = {isa = PBXBuildFile; fileRef = C2AD68DD2539D1B700187118 /* OnlimTestTaskDifficultB.xcdatamodeld */; };
		C2AD68E12539D1B900187118 /* Assets.xcassets in Resources */ = {isa = PBXBuildFile; fileRef = C2AD68E02539D1B900187118 /* Assets.xcassets */; };
		C2AD68E42539D1B900187118 /* LaunchScreen.storyboard in Resources */ = {isa = PBXBuildFile; fileRef = C2AD68E22539D1B900187118 /* LaunchScreen.storyboard */; };
		C2AD68ED2539D21C00187118 /* README.md in Resources */ = {isa = PBXBuildFile; fileRef = C2AD68EC2539D21C00187118 /* README.md */; };
		C2E3D4012539F34E007796C0 /* BannerCollectionViewCell.swift in Sources */ = {isa = PBXBuildFile; fileRef = C2E3D4002539F34E007796C0 /* BannerCollectionViewCell.swift */; };
		C2E3D4042539F35B007796C0 /* ArticleTableViewCell.swift in Sources */ = {isa = PBXBuildFile; fileRef = C2E3D4032539F35B007796C0 /* ArticleTableViewCell.swift */; };
		C2E3D4092539F655007796C0 /* UIColorHexExtension.swift in Sources */ = {isa = PBXBuildFile; fileRef = C2E3D4082539F655007796C0 /* UIColorHexExtension.swift */; };
		C2E3D412253A9C7A007796C0 /* CoreDataService.swift in Sources */ = {isa = PBXBuildFile; fileRef = C2E3D411253A9C7A007796C0 /* CoreDataService.swift */; };
		C2E3D416253ABAEC007796C0 /* ArticleDetailViewController.swift in Sources */ = {isa = PBXBuildFile; fileRef = C2E3D415253ABAEC007796C0 /* ArticleDetailViewController.swift */; };
		C2E3D419253ABAFE007796C0 /* BannerSettingsViewController.swift in Sources */ = {isa = PBXBuildFile; fileRef = C2E3D418253ABAFE007796C0 /* BannerSettingsViewController.swift */; };
		C2E3D41C253ABB34007796C0 /* NewBannerViewController.swift in Sources */ = {isa = PBXBuildFile; fileRef = C2E3D41B253ABB34007796C0 /* NewBannerViewController.swift */; };
/* End PBXBuildFile section */

/* Begin PBXFileReference section */
		C246D648253B320700E874F5 /* IntrisicTableView.swift */ = {isa = PBXFileReference; lastKnownFileType = sourcecode.swift; path = IntrisicTableView.swift; sourceTree = "<group>"; };
		C25853EF2539DEE80015CA45 /* HomeModel.swift */ = {isa = PBXFileReference; lastKnownFileType = sourcecode.swift; path = HomeModel.swift; sourceTree = "<group>"; };
		C25853F22539DF010015CA45 /* ArticleModel.swift */ = {isa = PBXFileReference; lastKnownFileType = sourcecode.swift; path = ArticleModel.swift; sourceTree = "<group>"; };
		C25853F52539DF080015CA45 /* BannerModel.swift */ = {isa = PBXFileReference; lastKnownFileType = sourcecode.swift; path = BannerModel.swift; sourceTree = "<group>"; };
		C25853F92539E37D0015CA45 /* DataFetcherService.swift */ = {isa = PBXFileReference; lastKnownFileType = sourcecode.swift; path = DataFetcherService.swift; sourceTree = "<group>"; };
		C2AD68D12539D1B700187118 /* OnlimTestTaskDifficultB.app */ = {isa = PBXFileReference; explicitFileType = wrapper.application; includeInIndex = 0; path = OnlimTestTaskDifficultB.app; sourceTree = BUILT_PRODUCTS_DIR; };
		C2AD68D42539D1B700187118 /* AppDelegate.swift */ = {isa = PBXFileReference; lastKnownFileType = sourcecode.swift; path = AppDelegate.swift; sourceTree = "<group>"; };
		C2AD68D62539D1B700187118 /* SceneDelegate.swift */ = {isa = PBXFileReference; lastKnownFileType = sourcecode.swift; path = SceneDelegate.swift; sourceTree = "<group>"; };
		C2AD68D82539D1B700187118 /* HomeViewController.swift */ = {isa = PBXFileReference; lastKnownFileType = sourcecode.swift; path = HomeViewController.swift; sourceTree = "<group>"; };
		C2AD68DE2539D1B700187118 /* OnlimTestTaskDifficultB.xcdatamodel */ = {isa = PBXFileReference; lastKnownFileType = wrapper.xcdatamodel; path = OnlimTestTaskDifficultB.xcdatamodel; sourceTree = "<group>"; };
		C2AD68E02539D1B900187118 /* Assets.xcassets */ = {isa = PBXFileReference; lastKnownFileType = folder.assetcatalog; path = Assets.xcassets; sourceTree = "<group>"; };
		C2AD68E32539D1B900187118 /* Base */ = {isa = PBXFileReference; lastKnownFileType = file.storyboard; name = Base; path = Base.lproj/LaunchScreen.storyboard; sourceTree = "<group>"; };
		C2AD68E52539D1B900187118 /* Info.plist */ = {isa = PBXFileReference; lastKnownFileType = text.plist.xml; path = Info.plist; sourceTree = "<group>"; };
		C2AD68EC2539D21C00187118 /* README.md */ = {isa = PBXFileReference; fileEncoding = 4; lastKnownFileType = net.daringfireball.markdown; path = README.md; sourceTree = "<group>"; };
		C2E3D4002539F34E007796C0 /* BannerCollectionViewCell.swift */ = {isa = PBXFileReference; lastKnownFileType = sourcecode.swift; path = BannerCollectionViewCell.swift; sourceTree = "<group>"; };
		C2E3D4032539F35B007796C0 /* ArticleTableViewCell.swift */ = {isa = PBXFileReference; lastKnownFileType = sourcecode.swift; path = ArticleTableViewCell.swift; sourceTree = "<group>"; };
		C2E3D4082539F655007796C0 /* UIColorHexExtension.swift */ = {isa = PBXFileReference; lastKnownFileType = sourcecode.swift; path = UIColorHexExtension.swift; sourceTree = "<group>"; };
		C2E3D411253A9C7A007796C0 /* CoreDataService.swift */ = {isa = PBXFileReference; lastKnownFileType = sourcecode.swift; name = CoreDataService.swift; path = OnlimTestTaskDifficultB/Services/CoreDataService.swift; sourceTree = SOURCE_ROOT; };
		C2E3D415253ABAEC007796C0 /* ArticleDetailViewController.swift */ = {isa = PBXFileReference; lastKnownFileType = sourcecode.swift; path = ArticleDetailViewController.swift; sourceTree = "<group>"; };
		C2E3D418253ABAFE007796C0 /* BannerSettingsViewController.swift */ = {isa = PBXFileReference; lastKnownFileType = sourcecode.swift; path = BannerSettingsViewController.swift; sourceTree = "<group>"; };
		C2E3D41B253ABB34007796C0 /* NewBannerViewController.swift */ = {isa = PBXFileReference; lastKnownFileType = sourcecode.swift; path = NewBannerViewController.swift; sourceTree = "<group>"; };
/* End PBXFileReference section */

/* Begin PBXFrameworksBuildPhase section */
		C2AD68CE2539D1B700187118 /* Frameworks */ = {
			isa = PBXFrameworksBuildPhase;
			buildActionMask = 2147483647;
			files = (
			);
			runOnlyForDeploymentPostprocessing = 0;
		};
/* End PBXFrameworksBuildPhase section */

/* Begin PBXGroup section */
		C23778C82539EA0F0051FB52 /* Services */ = {
			isa = PBXGroup;
			children = (
				C25853F92539E37D0015CA45 /* DataFetcherService.swift */,
				C2E3D411253A9C7A007796C0 /* CoreDataService.swift */,
			);
			path = Services;
			sourceTree = "<group>";
		};
		C2AD68C82539D1B700187118 = {
			isa = PBXGroup;
			children = (
				C2AD68EC2539D21C00187118 /* README.md */,
				C2AD68D32539D1B700187118 /* OnlimTestTaskDifficultB */,
				C2AD68D22539D1B700187118 /* Products */,
			);
			sourceTree = "<group>";
		};
		C2AD68D22539D1B700187118 /* Products */ = {
			isa = PBXGroup;
			children = (
				C2AD68D12539D1B700187118 /* OnlimTestTaskDifficultB.app */,
			);
			name = Products;
			sourceTree = "<group>";
		};
		C2AD68D32539D1B700187118 /* OnlimTestTaskDifficultB */ = {
			isa = PBXGroup;
			children = (
				C2AD68D42539D1B700187118 /* AppDelegate.swift */,
				C2AD68D62539D1B700187118 /* SceneDelegate.swift */,
				C2E3D4072539F648007796C0 /* Extensions */,
				C23778C82539EA0F0051FB52 /* Services */,
				C2AD68F02539D70D00187118 /* Models */,
				C2AD68F12539D71100187118 /* Views */,
				C2AD68E22539D1B900187118 /* LaunchScreen.storyboard */,
				C2AD68E02539D1B900187118 /* Assets.xcassets */,
				C2AD68E52539D1B900187118 /* Info.plist */,
				C2AD68DD2539D1B700187118 /* OnlimTestTaskDifficultB.xcdatamodeld */,
			);
			path = OnlimTestTaskDifficultB;
			sourceTree = "<group>";
		};
		C2AD68F02539D70D00187118 /* Models */ = {
			isa = PBXGroup;
			children = (
				C25853EF2539DEE80015CA45 /* HomeModel.swift */,
				C25853F22539DF010015CA45 /* ArticleModel.swift */,
				C25853F52539DF080015CA45 /* BannerModel.swift */,
			);
			path = Models;
			sourceTree = "<group>";
		};
		C2AD68F12539D71100187118 /* Views */ = {
			isa = PBXGroup;
			children = (
				C246D648253B320700E874F5 /* IntrisicTableView.swift */,
				C2AD68D82539D1B700187118 /* HomeViewController.swift */,
				C2E3D415253ABAEC007796C0 /* ArticleDetailViewController.swift */,
				C2E3D41B253ABB34007796C0 /* NewBannerViewController.swift */,
				C2E3D418253ABAFE007796C0 /* BannerSettingsViewController.swift */,
				C2E3D3FE2539F2FF007796C0 /* Cells */,
			);
			path = Views;
			sourceTree = "<group>";
		};
		C2E3D3FE2539F2FF007796C0 /* Cells */ = {
			isa = PBXGroup;
			children = (
				C2E3D4002539F34E007796C0 /* BannerCollectionViewCell.swift */,
				C2E3D4032539F35B007796C0 /* ArticleTableViewCell.swift */,
			);
			path = Cells;
			sourceTree = "<group>";
		};
		C2E3D4072539F648007796C0 /* Extensions */ = {
			isa = PBXGroup;
			children = (
				C2E3D4082539F655007796C0 /* UIColorHexExtension.swift */,
			);
			path = Extensions;
			sourceTree = "<group>";
		};
/* End PBXGroup section */

/* Begin PBXNativeTarget section */
		C2AD68D02539D1B700187118 /* OnlimTestTaskDifficultB */ = {
			isa = PBXNativeTarget;
			buildConfigurationList = C2AD68E82539D1B900187118 /* Build configuration list for PBXNativeTarget "OnlimTestTaskDifficultB" */;
			buildPhases = (
				C2AD68CD2539D1B700187118 /* Sources */,
				C2AD68CE2539D1B700187118 /* Frameworks */,
				C2AD68CF2539D1B700187118 /* Resources */,
			);
			buildRules = (
			);
			dependencies = (
			);
			name = OnlimTestTaskDifficultB;
			productName = OnlimTestTaskDifficultB;
			productReference = C2AD68D12539D1B700187118 /* OnlimTestTaskDifficultB.app */;
			productType = "com.apple.product-type.application";
		};
/* End PBXNativeTarget section */

/* Begin PBXProject section */
		C2AD68C92539D1B700187118 /* Project object */ = {
			isa = PBXProject;
			attributes = {
				LastSwiftUpdateCheck = 1200;
				LastUpgradeCheck = 1200;
				TargetAttributes = {
					C2AD68D02539D1B700187118 = {
						CreatedOnToolsVersion = 12.0.1;
					};
				};
			};
			buildConfigurationList = C2AD68CC2539D1B700187118 /* Build configuration list for PBXProject "OnlimTestTaskDifficultB" */;
			compatibilityVersion = "Xcode 9.3";
			developmentRegion = en;
			hasScannedForEncodings = 0;
			knownRegions = (
				en,
				Base,
			);
			mainGroup = C2AD68C82539D1B700187118;
			productRefGroup = C2AD68D22539D1B700187118 /* Products */;
			projectDirPath = "";
			projectRoot = "";
			targets = (
				C2AD68D02539D1B700187118 /* OnlimTestTaskDifficultB */,
			);
		};
/* End PBXProject section */

/* Begin PBXResourcesBuildPhase section */
		C2AD68CF2539D1B700187118 /* Resources */ = {
			isa = PBXResourcesBuildPhase;
			buildActionMask = 2147483647;
			files = (
				C2AD68E42539D1B900187118 /* LaunchScreen.storyboard in Resources */,
				C2AD68E12539D1B900187118 /* Assets.xcassets in Resources */,
				C2AD68ED2539D21C00187118 /* README.md in Resources */,
			);
			runOnlyForDeploymentPostprocessing = 0;
		};
/* End PBXResourcesBuildPhase section */

/* Begin PBXSourcesBuildPhase section */
		C2AD68CD2539D1B700187118 /* Sources */ = {
			isa = PBXSourcesBuildPhase;
			buildActionMask = 2147483647;
			files = (
				C2E3D4042539F35B007796C0 /* ArticleTableViewCell.swift in Sources */,
				C2E3D4012539F34E007796C0 /* BannerCollectionViewCell.swift in Sources */,
				C2AD68D92539D1B700187118 /* HomeViewController.swift in Sources */,
				C2AD68D52539D1B700187118 /* AppDelegate.swift in Sources */,
				C2E3D412253A9C7A007796C0 /* CoreDataService.swift in Sources */,
				C25853F62539DF080015CA45 /* BannerModel.swift in Sources */,
				C2E3D4092539F655007796C0 /* UIColorHexExtension.swift in Sources */,
				C2E3D41C253ABB34007796C0 /* NewBannerViewController.swift in Sources */,
				C2AD68DF2539D1B700187118 /* OnlimTestTaskDifficultB.xcdatamodeld in Sources */,
				C25853F02539DEE80015CA45 /* HomeModel.swift in Sources */,
				C246D649253B320700E874F5 /* IntrisicTableView.swift in Sources */,
				C2E3D419253ABAFE007796C0 /* BannerSettingsViewController.swift in Sources */,
				C25853F32539DF010015CA45 /* ArticleModel.swift in Sources */,
				C2E3D416253ABAEC007796C0 /* ArticleDetailViewController.swift in Sources */,
				C2AD68D72539D1B700187118 /* SceneDelegate.swift in Sources */,
				C25853FA2539E37D0015CA45 /* DataFetcherService.swift in Sources */,
			);
			runOnlyForDeploymentPostprocessing = 0;
		};
/* End PBXSourcesBuildPhase section */

/* Begin PBXVariantGroup section */
		C2AD68E22539D1B900187118 /* LaunchScreen.storyboard */ = {
			isa = PBXVariantGroup;
			children = (
				C2AD68E32539D1B900187118 /* Base */,
			);
			name = LaunchScreen.storyboard;
			sourceTree = "<group>";
		};
/* End PBXVariantGroup section */

/* Begin XCBuildConfiguration section */
		C2AD68E62539D1B900187118 /* Debug */ = {
			isa = XCBuildConfiguration;
			buildSettings = {
				ALWAYS_SEARCH_USER_PATHS = NO;
				CLANG_ANALYZER_NONNULL = YES;
				CLANG_ANALYZER_NUMBER_OBJECT_CONVERSION = YES_AGGRESSIVE;
				CLANG_CXX_LANGUAGE_STANDARD = "gnu++14";
				CLANG_CXX_LIBRARY = "libc++";
				CLANG_ENABLE_MODULES = YES;
				CLANG_ENABLE_OBJC_ARC = YES;
				CLANG_ENABLE_OBJC_WEAK = YES;
				CLANG_WARN_BLOCK_CAPTURE_AUTORELEASING = YES;
				CLANG_WARN_BOOL_CONVERSION = YES;
				CLANG_WARN_COMMA = YES;
				CLANG_WARN_CONSTANT_CONVERSION = YES;
				CLANG_WARN_DEPRECATED_OBJC_IMPLEMENTATIONS = YES;
				CLANG_WARN_DIRECT_OBJC_ISA_USAGE = YES_ERROR;
				CLANG_WARN_DOCUMENTATION_COMMENTS = YES;
				CLANG_WARN_EMPTY_BODY = YES;
				CLANG_WARN_ENUM_CONVERSION = YES;
				CLANG_WARN_INFINITE_RECURSION = YES;
				CLANG_WARN_INT_CONVERSION = YES;
				CLANG_WARN_NON_LITERAL_NULL_CONVERSION = YES;
				CLANG_WARN_OBJC_IMPLICIT_RETAIN_SELF = YES;
				CLANG_WARN_OBJC_LITERAL_CONVERSION = YES;
				CLANG_WARN_OBJC_ROOT_CLASS = YES_ERROR;
				CLANG_WARN_QUOTED_INCLUDE_IN_FRAMEWORK_HEADER = YES;
				CLANG_WARN_RANGE_LOOP_ANALYSIS = YES;
				CLANG_WARN_STRICT_PROTOTYPES = YES;
				CLANG_WARN_SUSPICIOUS_MOVE = YES;
				CLANG_WARN_UNGUARDED_AVAILABILITY = YES_AGGRESSIVE;
				CLANG_WARN_UNREACHABLE_CODE = YES;
				CLANG_WARN__DUPLICATE_METHOD_MATCH = YES;
				COPY_PHASE_STRIP = NO;
				DEBUG_INFORMATION_FORMAT = dwarf;
				ENABLE_STRICT_OBJC_MSGSEND = YES;
				ENABLE_TESTABILITY = YES;
				GCC_C_LANGUAGE_STANDARD = gnu11;
				GCC_DYNAMIC_NO_PIC = NO;
				GCC_NO_COMMON_BLOCKS = YES;
				GCC_OPTIMIZATION_LEVEL = 0;
				GCC_PREPROCESSOR_DEFINITIONS = (
					"DEBUG=1",
					"$(inherited)",
				);
				GCC_WARN_64_TO_32_BIT_CONVERSION = YES;
				GCC_WARN_ABOUT_RETURN_TYPE = YES_ERROR;
				GCC_WARN_UNDECLARED_SELECTOR = YES;
				GCC_WARN_UNINITIALIZED_AUTOS = YES_AGGRESSIVE;
				GCC_WARN_UNUSED_FUNCTION = YES;
				GCC_WARN_UNUSED_VARIABLE = YES;
				IPHONEOS_DEPLOYMENT_TARGET = 14.0;
				MTL_ENABLE_DEBUG_INFO = INCLUDE_SOURCE;
				MTL_FAST_MATH = YES;
				ONLY_ACTIVE_ARCH = YES;
				SDKROOT = iphoneos;
				SWIFT_ACTIVE_COMPILATION_CONDITIONS = DEBUG;
				SWIFT_OPTIMIZATION_LEVEL = "-Onone";
			};
			name = Debug;
		};
		C2AD68E72539D1B900187118 /* Release */ = {
			isa = XCBuildConfiguration;
			buildSettings = {
				ALWAYS_SEARCH_USER_PATHS = NO;
				CLANG_ANALYZER_NONNULL = YES;
				CLANG_ANALYZER_NUMBER_OBJECT_CONVERSION = YES_AGGRESSIVE;
				CLANG_CXX_LANGUAGE_STANDARD = "gnu++14";
				CLANG_CXX_LIBRARY = "libc++";
				CLANG_ENABLE_MODULES = YES;
				CLANG_ENABLE_OBJC_ARC = YES;
				CLANG_ENABLE_OBJC_WEAK = YES;
				CLANG_WARN_BLOCK_CAPTURE_AUTORELEASING = YES;
				CLANG_WARN_BOOL_CONVERSION = YES;
				CLANG_WARN_COMMA = YES;
				CLANG_WARN_CONSTANT_CONVERSION = YES;
				CLANG_WARN_DEPRECATED_OBJC_IMPLEMENTATIONS = YES;
				CLANG_WARN_DIRECT_OBJC_ISA_USAGE = YES_ERROR;
				CLANG_WARN_DOCUMENTATION_COMMENTS = YES;
				CLANG_WARN_EMPTY_BODY = YES;
				CLANG_WARN_ENUM_CONVERSION = YES;
				CLANG_WARN_INFINITE_RECURSION = YES;
				CLANG_WARN_INT_CONVERSION = YES;
				CLANG_WARN_NON_LITERAL_NULL_CONVERSION = YES;
				CLANG_WARN_OBJC_IMPLICIT_RETAIN_SELF = YES;
				CLANG_WARN_OBJC_LITERAL_CONVERSION = YES;
				CLANG_WARN_OBJC_ROOT_CLASS = YES_ERROR;
				CLANG_WARN_QUOTED_INCLUDE_IN_FRAMEWORK_HEADER = YES;
				CLANG_WARN_RANGE_LOOP_ANALYSIS = YES;
				CLANG_WARN_STRICT_PROTOTYPES = YES;
				CLANG_WARN_SUSPICIOUS_MOVE = YES;
				CLANG_WARN_UNGUARDED_AVAILABILITY = YES_AGGRESSIVE;
				CLANG_WARN_UNREACHABLE_CODE = YES;
				CLANG_WARN__DUPLICATE_METHOD_MATCH = YES;
				COPY_PHASE_STRIP = NO;
				DEBUG_INFORMATION_FORMAT = "dwarf-with-dsym";
				ENABLE_NS_ASSERTIONS = NO;
				ENABLE_STRICT_OBJC_MSGSEND = YES;
				GCC_C_LANGUAGE_STANDARD = gnu11;
				GCC_NO_COMMON_BLOCKS = YES;
				GCC_WARN_64_TO_32_BIT_CONVERSION = YES;
				GCC_WARN_ABOUT_RETURN_TYPE = YES_ERROR;
				GCC_WARN_UNDECLARED_SELECTOR = YES;
				GCC_WARN_UNINITIALIZED_AUTOS = YES_AGGRESSIVE;
				GCC_WARN_UNUSED_FUNCTION = YES;
				GCC_WARN_UNUSED_VARIABLE = YES;
				IPHONEOS_DEPLOYMENT_TARGET = 14.0;
				MTL_ENABLE_DEBUG_INFO = NO;
				MTL_FAST_MATH = YES;
				SDKROOT = iphoneos;
				SWIFT_COMPILATION_MODE = wholemodule;
				SWIFT_OPTIMIZATION_LEVEL = "-O";
				VALIDATE_PRODUCT = YES;
			};
			name = Release;
		};
		C2AD68E92539D1B900187118 /* Debug */ = {
			isa = XCBuildConfiguration;
			buildSettings = {
				ASSETCATALOG_COMPILER_APPICON_NAME = AppIcon;
				ASSETCATALOG_COMPILER_GLOBAL_ACCENT_COLOR_NAME = AccentColor;
				CODE_SIGN_STYLE = Automatic;
				DEVELOPMENT_TEAM = A46C2G8GT3;
				INFOPLIST_FILE = OnlimTestTaskDifficultB/Info.plist;
				LD_RUNPATH_SEARCH_PATHS = (
					"$(inherited)",
					"@executable_path/Frameworks",
				);
				PRODUCT_BUNDLE_IDENTIFIER = ireldev.OnlimTestTaskDifficultB;
				PRODUCT_NAME = "$(TARGET_NAME)";
				SWIFT_VERSION = 5.0;
				TARGETED_DEVICE_FAMILY = "1,2";
			};
			name = Debug;
		};
		C2AD68EA2539D1B900187118 /* Release */ = {
			isa = XCBuildConfiguration;
			buildSettings = {
				ASSETCATALOG_COMPILER_APPICON_NAME = AppIcon;
				ASSETCATALOG_COMPILER_GLOBAL_ACCENT_COLOR_NAME = AccentColor;
				CODE_SIGN_STYLE = Automatic;
				DEVELOPMENT_TEAM = A46C2G8GT3;
				INFOPLIST_FILE = OnlimTestTaskDifficultB/Info.plist;
				LD_RUNPATH_SEARCH_PATHS = (
					"$(inherited)",
					"@executable_path/Frameworks",
				);
				PRODUCT_BUNDLE_IDENTIFIER = ireldev.OnlimTestTaskDifficultB;
				PRODUCT_NAME = "$(TARGET_NAME)";
				SWIFT_VERSION = 5.0;
				TARGETED_DEVICE_FAMILY = "1,2";
			};
			name = Release;
		};
/* End XCBuildConfiguration section */

/* Begin XCConfigurationList section */
		C2AD68CC2539D1B700187118 /* Build configuration list for PBXProject "OnlimTestTaskDifficultB" */ = {
			isa = XCConfigurationList;
			buildConfigurations = (
				C2AD68E62539D1B900187118 /* Debug */,
				C2AD68E72539D1B900187118 /* Release */,
			);
			defaultConfigurationIsVisible = 0;
			defaultConfigurationName = Release;
		};
		C2AD68E82539D1B900187118 /* Build configuration list for PBXNativeTarget "OnlimTestTaskDifficultB" */ = {
			isa = XCConfigurationList;
			buildConfigurations = (
				C2AD68E92539D1B900187118 /* Debug */,
				C2AD68EA2539D1B900187118 /* Release */,
			);
			defaultConfigurationIsVisible = 0;
			defaultConfigurationName = Release;
		};
/* End XCConfigurationList section */

/* Begin XCVersionGroup section */
		C2AD68DD2539D1B700187118 /* OnlimTestTaskDifficultB.xcdatamodeld */ = {
			isa = XCVersionGroup;
			children = (
				C2AD68DE2539D1B700187118 /* OnlimTestTaskDifficultB.xcdatamodel */,
			);
			currentVersion = C2AD68DE2539D1B700187118 /* OnlimTestTaskDifficultB.xcdatamodel */;
			path = OnlimTestTaskDifficultB.xcdatamodeld;
			sourceTree = "<group>";
			versionGroupType = wrapper.xcdatamodel;
		};
/* End XCVersionGroup section */
	};
	rootObject = C2AD68C92539D1B700187118 /* Project object */;
}
